
Microsoft Visual Studio Solution File, Format Version 12.00
# Visual Studio 14
VisualStudioVersion = 14.0.25123.0
MinimumVisualStudioVersion = 10.0.40219.1
Project("{FAE04EC0-301F-11D3-BF4B-00C04F79EFBC}") = "01 - Hungry Garfield", "01 - Hungry Garfield\01 - Hungry Garfield.csproj", "{533B2D87-D84F-4C66-93D2-C430391E5C6D}"
EndProject
Project("{FAE04EC0-301F-11D3-BF4B-00C04F79EFBC}") = "02 - Encoded Answers", "02 - Encoded Answers\02 - Encoded Answers.csproj", "{C095DAB6-7DF6-4BF4-B610-D1DCF6142A26}"
EndProject
Global
	GlobalSection(SolutionConfigurationPlatforms) = preSolution
		Debug|Any CPU = Debug|Any CPU
		Release|Any CPU = Release|Any CPU
	EndGlobalSection
	GlobalSection(ProjectConfigurationPlatforms) = postSolution
		{533B2D87-D84F-4C66-93D2-C430391E5C6D}.Debug|Any CPU.ActiveCfg = Debug|Any CPU
		{533B2D87-D84F-4C66-93D2-C430391E5C6D}.Debug|Any CPU.Build.0 = Debug|Any CPU
		{533B2D87-D84F-4C66-93D2-C430391E5C6D}.Release|Any CPU.ActiveCfg = Release|Any CPU
		{533B2D87-D84F-4C66-93D2-C430391E5C6D}.Release|Any CPU.Build.0 = Release|Any CPU
		{C095DAB6-7DF6-4BF4-B610-D1DCF6142A26}.Debug|Any CPU.ActiveCfg = Debug|Any CPU
		{C095DAB6-7DF6-4BF4-B610-D1DCF6142A26}.Debug|Any CPU.Build.0 = Debug|Any CPU
		{C095DAB6-7DF6-4BF4-B610-D1DCF6142A26}.Release|Any CPU.ActiveCfg = Release|Any CPU
		{C095DAB6-7DF6-4BF4-B610-D1DCF6142A26}.Release|Any CPU.Build.0 = Release|Any CPU
	EndGlobalSection
	GlobalSection(SolutionProperties) = preSolution
		HideSolutionNode = FALSE
	EndGlobalSection
EndGlobal
