
Microsoft Visual Studio Solution File, Format Version 12.00
# Visual Studio 14
VisualStudioVersion = 14.0.25123.0
MinimumVisualStudioVersion = 10.0.40219.1
Project("{FAE04EC0-301F-11D3-BF4B-00C04F79EFBC}") = "HelloCSharp", "HelloCSharp\HelloCSharp.csproj", "{AC9CF213-4896-4C62-9A8F-798FF9E36B1F}"
EndProject
Project("{FAE04EC0-301F-11D3-BF4B-00C04F79EFBC}") = "Expression", "Expression\Expression.csproj", "{C516CBE9-FB06-4496-B22B-515B4C605185}"
EndProject
Project("{FAE04EC0-301F-11D3-BF4B-00C04F79EFBC}") = "Nums1To20", "Nums1To20\Nums1To20.csproj", "{DD45FF00-2B5E-4720-9F0E-F2A5AEB6C270}"
EndProject
Project("{FAE04EC0-301F-11D3-BF4B-00C04F79EFBC}") = "TriangleOf55Stars", "TriangleOf55Stars\TriangleOf55Stars.csproj", "{2BD23458-8FE7-4EFB-A36D-63BAD25A6AAF}"
EndProject
Project("{FAE04EC0-301F-11D3-BF4B-00C04F79EFBC}") = "Rectangle Area", "Rectangle Area\Rectangle Area.csproj", "{DFA36E30-244B-4931-9D75-D55FE4221EC3}"
EndProject
Project("{FAE04EC0-301F-11D3-BF4B-00C04F79EFBC}") = "Square of Stars", "Square of Stars\Square of Stars.csproj", "{F8DB56F1-0BE4-465D-8D53-D393622511E4}"
EndProject
Global
	GlobalSection(SolutionConfigurationPlatforms) = preSolution
		Debug|Any CPU = Debug|Any CPU
		Release|Any CPU = Release|Any CPU
	EndGlobalSection
	GlobalSection(ProjectConfigurationPlatforms) = postSolution
		{AC9CF213-4896-4C62-9A8F-798FF9E36B1F}.Debug|Any CPU.ActiveCfg = Debug|Any CPU
		{AC9CF213-4896-4C62-9A8F-798FF9E36B1F}.Debug|Any CPU.Build.0 = Debug|Any CPU
		{AC9CF213-4896-4C62-9A8F-798FF9E36B1F}.Release|Any CPU.ActiveCfg = Release|Any CPU
		{AC9CF213-4896-4C62-9A8F-798FF9E36B1F}.Release|Any CPU.Build.0 = Release|Any CPU
		{C516CBE9-FB06-4496-B22B-515B4C605185}.Debug|Any CPU.ActiveCfg = Debug|Any CPU
		{C516CBE9-FB06-4496-B22B-515B4C605185}.Debug|Any CPU.Build.0 = Debug|Any CPU
		{C516CBE9-FB06-4496-B22B-515B4C605185}.Release|Any CPU.ActiveCfg = Release|Any CPU
		{C516CBE9-FB06-4496-B22B-515B4C605185}.Release|Any CPU.Build.0 = Release|Any CPU
		{DD45FF00-2B5E-4720-9F0E-F2A5AEB6C270}.Debug|Any CPU.ActiveCfg = Debug|Any CPU
		{DD45FF00-2B5E-4720-9F0E-F2A5AEB6C270}.Debug|Any CPU.Build.0 = Debug|Any CPU
		{DD45FF00-2B5E-4720-9F0E-F2A5AEB6C270}.Release|Any CPU.ActiveCfg = Release|Any CPU
		{DD45FF00-2B5E-4720-9F0E-F2A5AEB6C270}.Release|Any CPU.Build.0 = Release|Any CPU
		{2BD23458-8FE7-4EFB-A36D-63BAD25A6AAF}.Debug|Any CPU.ActiveCfg = Debug|Any CPU
		{2BD23458-8FE7-4EFB-A36D-63BAD25A6AAF}.Debug|Any CPU.Build.0 = Debug|Any CPU
		{2BD23458-8FE7-4EFB-A36D-63BAD25A6AAF}.Release|Any CPU.ActiveCfg = Release|Any CPU
		{2BD23458-8FE7-4EFB-A36D-63BAD25A6AAF}.Release|Any CPU.Build.0 = Release|Any CPU
		{DFA36E30-244B-4931-9D75-D55FE4221EC3}.Debug|Any CPU.ActiveCfg = Debug|Any CPU
		{DFA36E30-244B-4931-9D75-D55FE4221EC3}.Debug|Any CPU.Build.0 = Debug|Any CPU
		{DFA36E30-244B-4931-9D75-D55FE4221EC3}.Release|Any CPU.ActiveCfg = Release|Any CPU
		{DFA36E30-244B-4931-9D75-D55FE4221EC3}.Release|Any CPU.Build.0 = Release|Any CPU
		{F8DB56F1-0BE4-465D-8D53-D393622511E4}.Debug|Any CPU.ActiveCfg = Debug|Any CPU
		{F8DB56F1-0BE4-465D-8D53-D393622511E4}.Debug|Any CPU.Build.0 = Debug|Any CPU
		{F8DB56F1-0BE4-465D-8D53-D393622511E4}.Release|Any CPU.ActiveCfg = Release|Any CPU
		{F8DB56F1-0BE4-465D-8D53-D393622511E4}.Release|Any CPU.Build.0 = Release|Any CPU
	EndGlobalSection
	GlobalSection(SolutionProperties) = preSolution
		HideSolutionNode = FALSE
	EndGlobalSection
EndGlobal
